# THIS IS AN AUTOGENERATED FILE. DO NOT EDIT THIS FILE DIRECTLY.
# yarn lockfile v1


"@types/lodash-es@^4.17.1":
  version "4.17.1"
  resolved "https://registry.yarnpkg.com/@types/lodash-es/-/lodash-es-4.17.1.tgz#56745e5411558362aeca31def918f88f725dd29d"
  dependencies:
    "@types/lodash" "*"

"@types/lodash@*":
  version "4.14.116"
  resolved "https://registry.yarnpkg.com/@types/lodash/-/lodash-4.14.116.tgz#5ccf215653e3e8c786a58390751033a9adca0eb9"

events-polyfill@^2.0.7:
  version "2.0.7"
  resolved "https://registry.yarnpkg.com/events-polyfill/-/events-polyfill-2.0.7.tgz#8bb9477b42c1e205538c0ace92592066551e9e2e"

lodash-es@^4.17.10:
  version "4.17.10"
  resolved "https://registry.yarnpkg.com/lodash-es/-/lodash-es-4.17.10.tgz#62cd7104cdf5dd87f235a837f0ede0e8e5117e05"

typescript@^3.0.1:
  version "3.0.1"
  resolved "https://registry.yarnpkg.com/typescript/-/typescript-3.0.1.tgz#43738f29585d3a87575520a4b93ab6026ef11fdb"
